// !$*UTF8*$!
{
	archiveVersion = 1;
	classes = {
	};
	objectVersion = 55;
	objects = {

/* Begin PBXBuildFile section */
		587D9E34288848E7005F9CA8 /* AppDelegate.swift in Sources */ = {isa = PBXBuildFile; fileRef = 587D9E33288848E7005F9CA8 /* AppDelegate.swift */; };
		587D9E36288848E7005F9CA8 /* SceneDelegate.swift in Sources */ = {isa = PBXBuildFile; fileRef = 587D9E35288848E7005F9CA8 /* SceneDelegate.swift */; };
		587D9E3D288848EB005F9CA8 /* Assets.xcassets in Resources */ = {isa = PBXBuildFile; fileRef = 587D9E3C288848EB005F9CA8 /* Assets.xcassets */; };
		587D9E40288848EB005F9CA8 /* LaunchScreen.storyboard in Resources */ = {isa = PBXBuildFile; fileRef = 587D9E3E288848EB005F9CA8 /* LaunchScreen.storyboard */; };
		587D9E4C28884AEB005F9CA8 /* Main.storyboard in Resources */ = {isa = PBXBuildFile; fileRef = 587D9E4B28884AEB005F9CA8 /* Main.storyboard */; };
		587D9E5028884B3C005F9CA8 /* RefeicoesViewController.swift in Sources */ = {isa = PBXBuildFile; fileRef = 587D9E4F28884B3B005F9CA8 /* RefeicoesViewController.swift */; };
		587D9E5328884B8D005F9CA8 /* RefeicaoTableViewCell.swift in Sources */ = {isa = PBXBuildFile; fileRef = 587D9E5228884B8D005F9CA8 /* RefeicaoTableViewCell.swift */; };
		587D9E5528884BD8005F9CA8 /* DetalhesRefeicaoViewController.swift in Sources */ = {isa = PBXBuildFile; fileRef = 587D9E5428884BD8005F9CA8 /* DetalhesRefeicaoViewController.swift */; };
		587D9E5728884C02005F9CA8 /* Refeicao.swift in Sources */ = {isa = PBXBuildFile; fileRef = 587D9E5628884C02005F9CA8 /* Refeicao.swift */; };
		587D9E5A28884C20005F9CA8 /* RefeicoesAPI.swift in Sources */ = {isa = PBXBuildFile; fileRef = 587D9E5928884C20005F9CA8 /* RefeicoesAPI.swift */; };
		587D9E5C28885032005F9CA8 /* Theme.swift in Sources */ = {isa = PBXBuildFile; fileRef = 587D9E5B28885032005F9CA8 /* Theme.swift */; };
		587D9E5F2888575E005F9CA8 /* LogoTitleView.swift in Sources */ = {isa = PBXBuildFile; fileRef = 587D9E5E2888575E005F9CA8 /* LogoTitleView.swift */; };
		587D9E61288857EC005F9CA8 /* RefeicoesTableHeaderView.swift in Sources */ = {isa = PBXBuildFile; fileRef = 587D9E60288857EC005F9CA8 /* RefeicoesTableHeaderView.swift */; };
		587D9E64288878FE005F9CA8 /* DetalhesRefeicaoTableHeaderView.swift in Sources */ = {isa = PBXBuildFile; fileRef = 587D9E63288878FE005F9CA8 /* DetalhesRefeicaoTableHeaderView.swift */; };
		587D9E6628888515005F9CA8 /* DefaultTableSectionHeaderView.swift in Sources */ = {isa = PBXBuildFile; fileRef = 587D9E6528888515005F9CA8 /* DefaultTableSectionHeaderView.swift */; };
		587D9E6828888E0E005F9CA8 /* IngredienteTableViewCell.swift in Sources */ = {isa = PBXBuildFile; fileRef = 587D9E6728888E0E005F9CA8 /* IngredienteTableViewCell.swift */; };
		587D9E6D288951F2005F9CA8 /* NovaRefeicaoViewController.swift in Sources */ = {isa = PBXBuildFile; fileRef = 587D9E6C288951F2005F9CA8 /* NovaRefeicaoViewController.swift */; };
		587D9E7028896EFC005F9CA8 /* NovoIngredienteViewController.swift in Sources */ = {isa = PBXBuildFile; fileRef = 587D9E6F28896EFC005F9CA8 /* NovoIngredienteViewController.swift */; };
		587D9E7428899F8B005F9CA8 /* Alert+UIViewController.swift in Sources */ = {isa = PBXBuildFile; fileRef = 587D9E7328899F8B005F9CA8 /* Alert+UIViewController.swift */; };
/* End PBXBuildFile section */

/* Begin PBXFileReference section */
		587D9E30288848E7005F9CA8 /* LearningTask-9.1.app */ = {isa = PBXFileReference; explicitFileType = wrapper.application; includeInIndex = 0; path = "LearningTask-9.1.app"; sourceTree = BUILT_PRODUCTS_DIR; };
		587D9E33288848E7005F9CA8 /* AppDelegate.swift */ = {isa = PBXFileReference; lastKnownFileType = sourcecode.swift; path = AppDelegate.swift; sourceTree = "<group>"; };
		587D9E35288848E7005F9CA8 /* SceneDelegate.swift */ = {isa = PBXFileReference; lastKnownFileType = sourcecode.swift; path = SceneDelegate.swift; sourceTree = "<group>"; };
		587D9E3C288848EB005F9CA8 /* Assets.xcassets */ = {isa = PBXFileReference; lastKnownFileType = folder.assetcatalog; path = Assets.xcassets; sourceTree = "<group>"; };
		587D9E3F288848EB005F9CA8 /* Base */ = {isa = PBXFileReference; lastKnownFileType = file.storyboard; name = Base; path = Base.lproj/LaunchScreen.storyboard; sourceTree = "<group>"; };
		587D9E41288848EB005F9CA8 /* Info.plist */ = {isa = PBXFileReference; lastKnownFileType = text.plist.xml; path = Info.plist; sourceTree = "<group>"; };
		587D9E4B28884AEB005F9CA8 /* Main.storyboard */ = {isa = PBXFileReference; lastKnownFileType = file.storyboard; path = Main.storyboard; sourceTree = "<group>"; };
		587D9E4F28884B3B005F9CA8 /* RefeicoesViewController.swift */ = {isa = PBXFileReference; lastKnownFileType = sourcecode.swift; path = RefeicoesViewController.swift; sourceTree = "<group>"; };
		587D9E5228884B8D005F9CA8 /* RefeicaoTableViewCell.swift */ = {isa = PBXFileReference; lastKnownFileType = sourcecode.swift; path = RefeicaoTableViewCell.swift; sourceTree = "<group>"; };
		587D9E5428884BD8005F9CA8 /* DetalhesRefeicaoViewController.swift */ = {isa = PBXFileReference; lastKnownFileType = sourcecode.swift; path = DetalhesRefeicaoViewController.swift; sourceTree = "<group>"; };
		587D9E5628884C02005F9CA8 /* Refeicao.swift */ = {isa = PBXFileReference; lastKnownFileType = sourcecode.swift; path = Refeicao.swift; sourceTree = "<group>"; };
		587D9E5928884C20005F9CA8 /* RefeicoesAPI.swift */ = {isa = PBXFileReference; lastKnownFileType = sourcecode.swift; path = RefeicoesAPI.swift; sourceTree = "<group>"; };
		587D9E5B28885032005F9CA8 /* Theme.swift */ = {isa = PBXFileReference; lastKnownFileType = sourcecode.swift; path = Theme.swift; sourceTree = "<group>"; };
		587D9E5E2888575E005F9CA8 /* LogoTitleView.swift */ = {isa = PBXFileReference; lastKnownFileType = sourcecode.swift; path = LogoTitleView.swift; sourceTree = "<group>"; };
		587D9E60288857EC005F9CA8 /* RefeicoesTableHeaderView.swift */ = {isa = PBXFileReference; lastKnownFileType = sourcecode.swift; path = RefeicoesTableHeaderView.swift; sourceTree = "<group>"; };
		587D9E63288878FE005F9CA8 /* DetalhesRefeicaoTableHeaderView.swift */ = {isa = PBXFileReference; lastKnownFileType = sourcecode.swift; path = DetalhesRefeicaoTableHeaderView.swift; sourceTree = "<group>"; };
		587D9E6528888515005F9CA8 /* DefaultTableSectionHeaderView.swift */ = {isa = PBXFileReference; lastKnownFileType = sourcecode.swift; path = DefaultTableSectionHeaderView.swift; sourceTree = "<group>"; };
		587D9E6728888E0E005F9CA8 /* IngredienteTableViewCell.swift */ = {isa = PBXFileReference; lastKnownFileType = sourcecode.swift; path = IngredienteTableViewCell.swift; sourceTree = "<group>"; };
		587D9E6C288951F2005F9CA8 /* NovaRefeicaoViewController.swift */ = {isa = PBXFileReference; lastKnownFileType = sourcecode.swift; path = NovaRefeicaoViewController.swift; sourceTree = "<group>"; };
		587D9E6F28896EFC005F9CA8 /* NovoIngredienteViewController.swift */ = {isa = PBXFileReference; lastKnownFileType = sourcecode.swift; path = NovoIngredienteViewController.swift; sourceTree = "<group>"; };
		587D9E7328899F8B005F9CA8 /* Alert+UIViewController.swift */ = {isa = PBXFileReference; lastKnownFileType = sourcecode.swift; path = "Alert+UIViewController.swift"; sourceTree = "<group>"; };
/* End PBXFileReference section */

/* Begin PBXFrameworksBuildPhase section */
		587D9E2D288848E7005F9CA8 /* Frameworks */ = {
			isa = PBXFrameworksBuildPhase;
			buildActionMask = 2147483647;
			files = (
			);
			runOnlyForDeploymentPostprocessing = 0;
		};
/* End PBXFrameworksBuildPhase section */

/* Begin PBXGroup section */
		587D9E27288848E7005F9CA8 = {
			isa = PBXGroup;
			children = (
				587D9E32288848E7005F9CA8 /* LearningTask-9.1 */,
				587D9E31288848E7005F9CA8 /* Products */,
			);
			sourceTree = "<group>";
		};
		587D9E31288848E7005F9CA8 /* Products */ = {
			isa = PBXGroup;
			children = (
				587D9E30288848E7005F9CA8 /* LearningTask-9.1.app */,
			);
			name = Products;
			sourceTree = "<group>";
		};
		587D9E32288848E7005F9CA8 /* LearningTask-9.1 */ = {
			isa = PBXGroup;
			children = (
				587D9E48288849BF005F9CA8 /* Supportive Files */,
				587D9E3C288848EB005F9CA8 /* Assets.xcassets */,
				587D9E7128899F68005F9CA8 /* Common */,
				587D9E5828884C15005F9CA8 /* API */,
				587D9E4A288849CB005F9CA8 /* Models */,
				587D9E49288849C5005F9CA8 /* View */,
				587D9E47288849BA005F9CA8 /* Scenes */,
			);
			path = "LearningTask-9.1";
			sourceTree = "<group>";
		};
		587D9E47288849BA005F9CA8 /* Scenes */ = {
			isa = PBXGroup;
			children = (
				587D9E4D28884B15005F9CA8 /* Refeicoes */,
				587D9E4E28884B20005F9CA8 /* DetalhesRefeicao */,
				587D9E6928894E55005F9CA8 /* NovaRefeicao */,
				587D9E6E28896C51005F9CA8 /* NovoIngrediente */,
			);
			path = Scenes;
			sourceTree = "<group>";
		};
		587D9E48288849BF005F9CA8 /* Supportive Files */ = {
			isa = PBXGroup;
			children = (
				587D9E33288848E7005F9CA8 /* AppDelegate.swift */,
				587D9E35288848E7005F9CA8 /* SceneDelegate.swift */,
				587D9E5B28885032005F9CA8 /* Theme.swift */,
				587D9E3E288848EB005F9CA8 /* LaunchScreen.storyboard */,
				587D9E41288848EB005F9CA8 /* Info.plist */,
			);
			name = "Supportive Files";
			sourceTree = "<group>";
		};
		587D9E49288849C5005F9CA8 /* View */ = {
			isa = PBXGroup;
			children = (
				587D9E4B28884AEB005F9CA8 /* Main.storyboard */,
				587D9E5D28885748005F9CA8 /* Componentes */,
			);
			path = View;
			sourceTree = "<group>";
		};
		587D9E4A288849CB005F9CA8 /* Models */ = {
			isa = PBXGroup;
			children = (
				587D9E5628884C02005F9CA8 /* Refeicao.swift */,
			);
			path = Models;
			sourceTree = "<group>";
		};
		587D9E4D28884B15005F9CA8 /* Refeicoes */ = {
			isa = PBXGroup;
			children = (
				587D9E4F28884B3B005F9CA8 /* RefeicoesViewController.swift */,
				587D9E5128884B5C005F9CA8 /* View */,
			);
			path = Refeicoes;
			sourceTree = "<group>";
		};
		587D9E4E28884B20005F9CA8 /* DetalhesRefeicao */ = {
			isa = PBXGroup;
			children = (
				587D9E5428884BD8005F9CA8 /* DetalhesRefeicaoViewController.swift */,
				587D9E62288878E6005F9CA8 /* View */,
			);
			path = DetalhesRefeicao;
			sourceTree = "<group>";
		};
		587D9E5128884B5C005F9CA8 /* View */ = {
			isa = PBXGroup;
			children = (
				587D9E60288857EC005F9CA8 /* RefeicoesTableHeaderView.swift */,
				587D9E5228884B8D005F9CA8 /* RefeicaoTableViewCell.swift */,
			);
			path = View;
			sourceTree = "<group>";
		};
		587D9E5828884C15005F9CA8 /* API */ = {
			isa = PBXGroup;
			children = (
				587D9E5928884C20005F9CA8 /* RefeicoesAPI.swift */,
			);
			path = API;
			sourceTree = "<group>";
		};
		587D9E5D28885748005F9CA8 /* Componentes */ = {
			isa = PBXGroup;
			children = (
				587D9E5E2888575E005F9CA8 /* LogoTitleView.swift */,
				587D9E6528888515005F9CA8 /* DefaultTableSectionHeaderView.swift */,
				587D9E6728888E0E005F9CA8 /* IngredienteTableViewCell.swift */,
			);
			path = Componentes;
			sourceTree = "<group>";
		};
		587D9E62288878E6005F9CA8 /* View */ = {
			isa = PBXGroup;
			children = (
				587D9E63288878FE005F9CA8 /* DetalhesRefeicaoTableHeaderView.swift */,
			);
			path = View;
			sourceTree = "<group>";
		};
		587D9E6928894E55005F9CA8 /* NovaRefeicao */ = {
			isa = PBXGroup;
			children = (
				587D9E6C288951F2005F9CA8 /* NovaRefeicaoViewController.swift */,
			);
			path = NovaRefeicao;
			sourceTree = "<group>";
		};
		587D9E6E28896C51005F9CA8 /* NovoIngrediente */ = {
			isa = PBXGroup;
			children = (
				587D9E6F28896EFC005F9CA8 /* NovoIngredienteViewController.swift */,
			);
			path = NovoIngrediente;
			sourceTree = "<group>";
		};
		587D9E7128899F68005F9CA8 /* Common */ = {
			isa = PBXGroup;
			children = (
				587D9E7228899F71005F9CA8 /* Extensions */,
			);
			path = Common;
			sourceTree = "<group>";
		};
		587D9E7228899F71005F9CA8 /* Extensions */ = {
			isa = PBXGroup;
			children = (
				587D9E7328899F8B005F9CA8 /* Alert+UIViewController.swift */,
			);
			path = Extensions;
			sourceTree = "<group>";
		};
/* End PBXGroup section */

/* Begin PBXNativeTarget section */
		587D9E2F288848E7005F9CA8 /* LearningTask-9.1 */ = {
			isa = PBXNativeTarget;
			buildConfigurationList = 587D9E44288848EB005F9CA8 /* Build configuration list for PBXNativeTarget "LearningTask-9.1" */;
			buildPhases = (
				587D9E2C288848E7005F9CA8 /* Sources */,
				587D9E2D288848E7005F9CA8 /* Frameworks */,
				587D9E2E288848E7005F9CA8 /* Resources */,
			);
			buildRules = (
			);
			dependencies = (
			);
			name = "LearningTask-9.1";
			productName = "LearningTask-9.1";
			productReference = 587D9E30288848E7005F9CA8 /* LearningTask-9.1.app */;
			productType = "com.apple.product-type.application";
		};
/* End PBXNativeTarget section */

/* Begin PBXProject section */
		587D9E28288848E7005F9CA8 /* Project object */ = {
			isa = PBXProject;
			attributes = {
				BuildIndependentTargetsInParallel = 1;
				LastSwiftUpdateCheck = 1340;
				LastUpgradeCheck = 1340;
				TargetAttributes = {
					587D9E2F288848E7005F9CA8 = {
						CreatedOnToolsVersion = 13.4.1;
					};
				};
			};
			buildConfigurationList = 587D9E2B288848E7005F9CA8 /* Build configuration list for PBXProject "LearningTask-9.1" */;
			compatibilityVersion = "Xcode 13.0";
			developmentRegion = en;
			hasScannedForEncodings = 0;
			knownRegions = (
				en,
				Base,
			);
			mainGroup = 587D9E27288848E7005F9CA8;
			productRefGroup = 587D9E31288848E7005F9CA8 /* Products */;
			projectDirPath = "";
			projectRoot = "";
			targets = (
				587D9E2F288848E7005F9CA8 /* LearningTask-9.1 */,
			);
		};
/* End PBXProject section */

/* Begin PBXResourcesBuildPhase section */
		587D9E2E288848E7005F9CA8 /* Resources */ = {
			isa = PBXResourcesBuildPhase;
			buildActionMask = 2147483647;
			files = (
				587D9E4C28884AEB005F9CA8 /* Main.storyboard in Resources */,
				587D9E40288848EB005F9CA8 /* LaunchScreen.storyboard in Resources */,
				587D9E3D288848EB005F9CA8 /* Assets.xcassets in Resources */,
			);
			runOnlyForDeploymentPostprocessing = 0;
		};
/* End PBXResourcesBuildPhase section */

/* Begin PBXSourcesBuildPhase section */
		587D9E2C288848E7005F9CA8 /* Sources */ = {
			isa = PBXSourcesBuildPhase;
			buildActionMask = 2147483647;
			files = (
				587D9E6D288951F2005F9CA8 /* NovaRefeicaoViewController.swift in Sources */,
				587D9E6628888515005F9CA8 /* DefaultTableSectionHeaderView.swift in Sources */,
				587D9E5028884B3C005F9CA8 /* RefeicoesViewController.swift in Sources */,
				587D9E5C28885032005F9CA8 /* Theme.swift in Sources */,
				587D9E5728884C02005F9CA8 /* Refeicao.swift in Sources */,
				587D9E5F2888575E005F9CA8 /* LogoTitleView.swift in Sources */,
				587D9E5328884B8D005F9CA8 /* RefeicaoTableViewCell.swift in Sources */,
				587D9E7428899F8B005F9CA8 /* Alert+UIViewController.swift in Sources */,
				587D9E5A28884C20005F9CA8 /* RefeicoesAPI.swift in Sources */,
				587D9E61288857EC005F9CA8 /* RefeicoesTableHeaderView.swift in Sources */,
				587D9E34288848E7005F9CA8 /* AppDelegate.swift in Sources */,
				587D9E7028896EFC005F9CA8 /* NovoIngredienteViewController.swift in Sources */,
				587D9E5528884BD8005F9CA8 /* DetalhesRefeicaoViewController.swift in Sources */,
				587D9E64288878FE005F9CA8 /* DetalhesRefeicaoTableHeaderView.swift in Sources */,
				587D9E36288848E7005F9CA8 /* SceneDelegate.swift in Sources */,
				587D9E6828888E0E005F9CA8 /* IngredienteTableViewCell.swift in Sources */,
			);
			runOnlyForDeploymentPostprocessing = 0;
		};
/* End PBXSourcesBuildPhase section */

/* Begin PBXVariantGroup section */
		587D9E3E288848EB005F9CA8 /* LaunchScreen.storyboard */ = {
			isa = PBXVariantGroup;
			children = (
				587D9E3F288848EB005F9CA8 /* Base */,
			);
			name = LaunchScreen.storyboard;
			sourceTree = "<group>";
		};
/* End PBXVariantGroup section */

/* Begin XCBuildConfiguration section */
		587D9E42288848EB005F9CA8 /* Debug */ = {
			isa = XCBuildConfiguration;
			buildSettings = {
				ALWAYS_SEARCH_USER_PATHS = NO;
				CLANG_ANALYZER_NONNULL = YES;
				CLANG_ANALYZER_NUMBER_OBJECT_CONVERSION = YES_AGGRESSIVE;
				CLANG_CXX_LANGUAGE_STANDARD = "gnu++17";
				CLANG_ENABLE_MODULES = YES;
				CLANG_ENABLE_OBJC_ARC = YES;
				CLANG_ENABLE_OBJC_WEAK = YES;
				CLANG_WARN_BLOCK_CAPTURE_AUTORELEASING = YES;
				CLANG_WARN_BOOL_CONVERSION = YES;
				CLANG_WARN_COMMA = YES;
				CLANG_WARN_CONSTANT_CONVERSION = YES;
				CLANG_WARN_DEPRECATED_OBJC_IMPLEMENTATIONS = YES;
				CLANG_WARN_DIRECT_OBJC_ISA_USAGE = YES_ERROR;
				CLANG_WARN_DOCUMENTATION_COMMENTS = YES;
				CLANG_WARN_EMPTY_BODY = YES;
				CLANG_WARN_ENUM_CONVERSION = YES;
				CLANG_WARN_INFINITE_RECURSION = YES;
				CLANG_WARN_INT_CONVERSION = YES;
				CLANG_WARN_NON_LITERAL_NULL_CONVERSION = YES;
				CLANG_WARN_OBJC_IMPLICIT_RETAIN_SELF = YES;
				CLANG_WARN_OBJC_LITERAL_CONVERSION = YES;
				CLANG_WARN_OBJC_ROOT_CLASS = YES_ERROR;
				CLANG_WARN_QUOTED_INCLUDE_IN_FRAMEWORK_HEADER = YES;
				CLANG_WARN_RANGE_LOOP_ANALYSIS = YES;
				CLANG_WARN_STRICT_PROTOTYPES = YES;
				CLANG_WARN_SUSPICIOUS_MOVE = YES;
				CLANG_WARN_UNGUARDED_AVAILABILITY = YES_AGGRESSIVE;
				CLANG_WARN_UNREACHABLE_CODE = YES;
				CLANG_WARN__DUPLICATE_METHOD_MATCH = YES;
				COPY_PHASE_STRIP = NO;
				DEBUG_INFORMATION_FORMAT = dwarf;
				ENABLE_STRICT_OBJC_MSGSEND = YES;
				ENABLE_TESTABILITY = YES;
				GCC_C_LANGUAGE_STANDARD = gnu11;
				GCC_DYNAMIC_NO_PIC = NO;
				GCC_NO_COMMON_BLOCKS = YES;
				GCC_OPTIMIZATION_LEVEL = 0;
				GCC_PREPROCESSOR_DEFINITIONS = (
					"DEBUG=1",
					"$(inherited)",
				);
				GCC_WARN_64_TO_32_BIT_CONVERSION = YES;
				GCC_WARN_ABOUT_RETURN_TYPE = YES_ERROR;
				GCC_WARN_UNDECLARED_SELECTOR = YES;
				GCC_WARN_UNINITIALIZED_AUTOS = YES_AGGRESSIVE;
				GCC_WARN_UNUSED_FUNCTION = YES;
				GCC_WARN_UNUSED_VARIABLE = YES;
				IPHONEOS_DEPLOYMENT_TARGET = 15.5;
				MTL_ENABLE_DEBUG_INFO = INCLUDE_SOURCE;
				MTL_FAST_MATH = YES;
				ONLY_ACTIVE_ARCH = YES;
				SDKROOT = iphoneos;
				SWIFT_ACTIVE_COMPILATION_CONDITIONS = DEBUG;
				SWIFT_OPTIMIZATION_LEVEL = "-Onone";
			};
			name = Debug;
		};
		587D9E43288848EB005F9CA8 /* Release */ = {
			isa = XCBuildConfiguration;
			buildSettings = {
				ALWAYS_SEARCH_USER_PATHS = NO;
				CLANG_ANALYZER_NONNULL = YES;
				CLANG_ANALYZER_NUMBER_OBJECT_CONVERSION = YES_AGGRESSIVE;
				CLANG_CXX_LANGUAGE_STANDARD = "gnu++17";
				CLANG_ENABLE_MODULES = YES;
				CLANG_ENABLE_OBJC_ARC = YES;
				CLANG_ENABLE_OBJC_WEAK = YES;
				CLANG_WARN_BLOCK_CAPTURE_AUTORELEASING = YES;
				CLANG_WARN_BOOL_CONVERSION = YES;
				CLANG_WARN_COMMA = YES;
				CLANG_WARN_CONSTANT_CONVERSION = YES;
				CLANG_WARN_DEPRECATED_OBJC_IMPLEMENTATIONS = YES;
				CLANG_WARN_DIRECT_OBJC_ISA_USAGE = YES_ERROR;
				CLANG_WARN_DOCUMENTATION_COMMENTS = YES;
				CLANG_WARN_EMPTY_BODY = YES;
				CLANG_WARN_ENUM_CONVERSION = YES;
				CLANG_WARN_INFINITE_RECURSION = YES;
				CLANG_WARN_INT_CONVERSION = YES;
				CLANG_WARN_NON_LITERAL_NULL_CONVERSION = YES;
				CLANG_WARN_OBJC_IMPLICIT_RETAIN_SELF = YES;
				CLANG_WARN_OBJC_LITERAL_CONVERSION = YES;
				CLANG_WARN_OBJC_ROOT_CLASS = YES_ERROR;
				CLANG_WARN_QUOTED_INCLUDE_IN_FRAMEWORK_HEADER = YES;
				CLANG_WARN_RANGE_LOOP_ANALYSIS = YES;
				CLANG_WARN_STRICT_PROTOTYPES = YES;
				CLANG_WARN_SUSPICIOUS_MOVE = YES;
				CLANG_WARN_UNGUARDED_AVAILABILITY = YES_AGGRESSIVE;
				CLANG_WARN_UNREACHABLE_CODE = YES;
				CLANG_WARN__DUPLICATE_METHOD_MATCH = YES;
				COPY_PHASE_STRIP = NO;
				DEBUG_INFORMATION_FORMAT = "dwarf-with-dsym";
				ENABLE_NS_ASSERTIONS = NO;
				ENABLE_STRICT_OBJC_MSGSEND = YES;
				GCC_C_LANGUAGE_STANDARD = gnu11;
				GCC_NO_COMMON_BLOCKS = YES;
				GCC_WARN_64_TO_32_BIT_CONVERSION = YES;
				GCC_WARN_ABOUT_RETURN_TYPE = YES_ERROR;
				GCC_WARN_UNDECLARED_SELECTOR = YES;
				GCC_WARN_UNINITIALIZED_AUTOS = YES_AGGRESSIVE;
				GCC_WARN_UNUSED_FUNCTION = YES;
				GCC_WARN_UNUSED_VARIABLE = YES;
				IPHONEOS_DEPLOYMENT_TARGET = 15.5;
				MTL_ENABLE_DEBUG_INFO = NO;
				MTL_FAST_MATH = YES;
				SDKROOT = iphoneos;
				SWIFT_COMPILATION_MODE = wholemodule;
				SWIFT_OPTIMIZATION_LEVEL = "-O";
				VALIDATE_PRODUCT = YES;
			};
			name = Release;
		};
		587D9E45288848EB005F9CA8 /* Debug */ = {
			isa = XCBuildConfiguration;
			buildSettings = {
				ASSETCATALOG_COMPILER_APPICON_NAME = AppIcon;
				ASSETCATALOG_COMPILER_GLOBAL_ACCENT_COLOR_NAME = AccentColor;
				CODE_SIGN_STYLE = Automatic;
				CURRENT_PROJECT_VERSION = 1;
				GENERATE_INFOPLIST_FILE = YES;
				INFOPLIST_FILE = "LearningTask-9.1/Info.plist";
				INFOPLIST_KEY_UIApplicationSupportsIndirectInputEvents = YES;
				INFOPLIST_KEY_UILaunchStoryboardName = LaunchScreen;
				INFOPLIST_KEY_UIMainStoryboardFile = Main;
				INFOPLIST_KEY_UISupportedInterfaceOrientations_iPad = "UIInterfaceOrientationPortrait UIInterfaceOrientationPortraitUpsideDown UIInterfaceOrientationLandscapeLeft UIInterfaceOrientationLandscapeRight";
				INFOPLIST_KEY_UISupportedInterfaceOrientations_iPhone = "UIInterfaceOrientationPortrait UIInterfaceOrientationLandscapeLeft UIInterfaceOrientationLandscapeRight";
				LD_RUNPATH_SEARCH_PATHS = (
					"$(inherited)",
					"@executable_path/Frameworks",
				);
				MARKETING_VERSION = 1.0;
				PRODUCT_BUNDLE_IDENTIFIER = "br.com.zup.LearningTask-9-1";
				PRODUCT_NAME = "$(TARGET_NAME)";
				SWIFT_EMIT_LOC_STRINGS = YES;
				SWIFT_VERSION = 5.0;
				TARGETED_DEVICE_FAMILY = "1,2";
			};
			name = Debug;
		};
		587D9E46288848EB005F9CA8 /* Release */ = {
			isa = XCBuildConfiguration;
			buildSettings = {
				ASSETCATALOG_COMPILER_APPICON_NAME = AppIcon;
				ASSETCATALOG_COMPILER_GLOBAL_ACCENT_COLOR_NAME = AccentColor;
				CODE_SIGN_STYLE = Automatic;
				CURRENT_PROJECT_VERSION = 1;
				GENERATE_INFOPLIST_FILE = YES;
				INFOPLIST_FILE = "LearningTask-9.1/Info.plist";
				INFOPLIST_KEY_UIApplicationSupportsIndirectInputEvents = YES;
				INFOPLIST_KEY_UILaunchStoryboardName = LaunchScreen;
				INFOPLIST_KEY_UIMainStoryboardFile = Main;
				INFOPLIST_KEY_UISupportedInterfaceOrientations_iPad = "UIInterfaceOrientationPortrait UIInterfaceOrientationPortraitUpsideDown UIInterfaceOrientationLandscapeLeft UIInterfaceOrientationLandscapeRight";
				INFOPLIST_KEY_UISupportedInterfaceOrientations_iPhone = "UIInterfaceOrientationPortrait UIInterfaceOrientationLandscapeLeft UIInterfaceOrientationLandscapeRight";
				LD_RUNPATH_SEARCH_PATHS = (
					"$(inherited)",
					"@executable_path/Frameworks",
				);
				MARKETING_VERSION = 1.0;
				PRODUCT_BUNDLE_IDENTIFIER = "br.com.zup.LearningTask-9-1";
				PRODUCT_NAME = "$(TARGET_NAME)";
				SWIFT_EMIT_LOC_STRINGS = YES;
				SWIFT_VERSION = 5.0;
				TARGETED_DEVICE_FAMILY = "1,2";
			};
			name = Release;
		};
/* End XCBuildConfiguration section */

/* Begin XCConfigurationList section */
		587D9E2B288848E7005F9CA8 /* Build configuration list for PBXProject "LearningTask-9.1" */ = {
			isa = XCConfigurationList;
			buildConfigurations = (
				587D9E42288848EB005F9CA8 /* Debug */,
				587D9E43288848EB005F9CA8 /* Release */,
			);
			defaultConfigurationIsVisible = 0;
			defaultConfigurationName = Release;
		};
		587D9E44288848EB005F9CA8 /* Build configuration list for PBXNativeTarget "LearningTask-9.1" */ = {
			isa = XCConfigurationList;
			buildConfigurations = (
				587D9E45288848EB005F9CA8 /* Debug */,
				587D9E46288848EB005F9CA8 /* Release */,
			);
			defaultConfigurationIsVisible = 0;
			defaultConfigurationName = Release;
		};
/* End XCConfigurationList section */
	};
	rootObject = 587D9E28288848E7005F9CA8 /* Project object */;
}
